
Microsoft Visual Studio Solution File, Format Version 12.00
# Visual Studio Version 18
VisualStudioVersion = 18.1.11312.151
MinimumVisualStudioVersion = 10.0.40219.1
Project("{FAE04EC0-301F-11D3-BF4B-00C04F79EFBC}") = "Aulas", "Aulas\Aulas.csproj", "{C36CB2AD-100D-4359-ACE7-2BB561701F17}"
EndProject
Project("{FAE04EC0-301F-11D3-BF4B-00C04F79EFBC}") = "Aulas1", "Aulas1\Aulas1.csproj", "{7F65546A-5EE3-40F4-8005-D7AD89B3E5EB}"
EndProject
Project("{FAE04EC0-301F-11D3-BF4B-00C04F79EFBC}") = "Aula função", "Aula função\Aula função.csproj", "{815911D7-FD1F-4F8D-BCB2-39E4F8D9B0B9}"
EndProject
Project("{FAE04EC0-301F-11D3-BF4B-00C04F79EFBC}") = "Aula While", "Aula While\Aula While.csproj", "{439CCAFD-767B-423B-A027-C20190585D6E}"
EndProject
Project("{FAE04EC0-301F-11D3-BF4B-00C04F79EFBC}") = "Aula classe e atributo", "Aula classe e atributo\Aula classe e atributo.csproj", "{76D2C79E-9A72-410A-857C-71ED111D57DE}"
EndProject
Project("{FAE04EC0-301F-11D3-BF4B-00C04F79EFBC}") = "Exercicio01", "Exercicio01\Exercicio01.csproj", "{1077A106-7EC5-4981-B60A-2017D2F9235A}"
EndProject
Project("{FAE04EC0-301F-11D3-BF4B-00C04F79EFBC}") = "Ex02", "Ex02\Ex02.csproj", "{762F646B-A564-484C-87B3-A656744947DB}"
EndProject
Project("{FAE04EC0-301F-11D3-BF4B-00C04F79EFBC}") = "EX 03", "EX 03\EX 03.csproj", "{6C0EC022-DFA3-4029-B5E7-3673FDD72943}"
EndProject
Project("{FAE04EC0-301F-11D3-BF4B-00C04F79EFBC}") = "Cotacao do dolar", "Cotacao do dolar\Cotacao do dolar.csproj", "{CDD4898B-4797-41C7-B2C7-9F37D99D07B9}"
EndProject
Project("{FAE04EC0-301F-11D3-BF4B-00C04F79EFBC}") = "Ex04", "Ex04\Ex04.csproj", "{0C1BCFD4-2BC4-4041-A62B-DF84B4F81277}"
EndProject
Project("{FAE04EC0-301F-11D3-BF4B-00C04F79EFBC}") = "Struct e nullable", "Struct e nullable\Struct e nullable.csproj", "{4228121C-8673-4EA2-872D-BD90F8E3A70A}"
EndProject
Project("{FAE04EC0-301F-11D3-BF4B-00C04F79EFBC}") = "Hotel", "Hotel\Hotel.csproj", "{EC222CB4-EE6D-4E84-AF7E-92390DFF86FE}"
EndProject
Project("{FAE04EC0-301F-11D3-BF4B-00C04F79EFBC}") = "Empregrado", "Empregrado\Empregrado.csproj", "{059B6D26-5062-4D07-801B-E476F23F72C0}"
EndProject
Project("{FAE04EC0-301F-11D3-BF4B-00C04F79EFBC}") = "Lista", "Lista\Lista.csproj", "{32315867-AA95-4532-A40D-A1F75EDF5C15}"
EndProject
Project("{FAE04EC0-301F-11D3-BF4B-00C04F79EFBC}") = "Contratos", "Contratos\Contratos.csproj", "{C99EB8B1-5A02-4BA0-929C-62B2AB07AFCB}"
EndProject
Project("{FAE04EC0-301F-11D3-BF4B-00C04F79EFBC}") = "Pedidos", "Pedidos\Pedidos.csproj", "{5A11384E-4F20-4162-B60C-55EA61D0927E}"
EndProject
Project("{FAE04EC0-301F-11D3-BF4B-00C04F79EFBC}") = "ControleEmpresa", "ControleEmpresa\ControleEmpresa.csproj", "{96130B3A-603B-42B4-B6F4-54D964769874}"
EndProject
Project("{FAE04EC0-301F-11D3-BF4B-00C04F79EFBC}") = "mercado", "mercado\mercado.csproj", "{C87BD34C-5302-419A-BBD9-A92E989E933E}"
EndProject
Project("{FAE04EC0-301F-11D3-BF4B-00C04F79EFBC}") = "geometria", "geometria\geometria.csproj", "{A8990BA4-A993-4F10-9E53-D71D5E517476}"
EndProject
Project("{FAE04EC0-301F-11D3-BF4B-00C04F79EFBC}") = "Banco", "Banco\Banco.csproj", "{79E04A19-D69C-470C-B6C3-70CFE417487C}"
EndProject
Project("{FAE04EC0-301F-11D3-BF4B-00C04F79EFBC}") = "SaldoBancario", "SaldoBancario\SaldoBancario.csproj", "{B54EC4E0-3851-4A77-91AD-146BEE9CDDB4}"
EndProject
Project("{FAE04EC0-301F-11D3-BF4B-00C04F79EFBC}") = "ManipularArquivo", "ManipularArquivo\ManipularArquivo.csproj", "{ACECE686-7684-42C8-8468-6C49E7F9AE3F}"
EndProject
Project("{FAE04EC0-301F-11D3-BF4B-00C04F79EFBC}") = "Paypal", "Paypal\Paypal.csproj", "{F2250EF6-D047-4706-A2C7-A8D98F70D6F0}"
EndProject
Project("{FAE04EC0-301F-11D3-BF4B-00C04F79EFBC}") = "Escola", "Escola\Escola.csproj", "{78C34C22-AEA2-43DF-BBFC-6C23511F7E95}"
EndProject
Project("{FAE04EC0-301F-11D3-BF4B-00C04F79EFBC}") = "Dictonary", "Dictonary\Dictonary.csproj", "{40EB8DB3-E8D7-4420-8D61-69097ACE9954}"
EndProject
Project("{FAE04EC0-301F-11D3-BF4B-00C04F79EFBC}") = "Saraiva2", "Saraiva2\Saraiva2.csproj", "{348F232C-905F-44C7-B723-0DAA566B2048}"
EndProject
Global
	GlobalSection(SolutionConfigurationPlatforms) = preSolution
		Debug|Any CPU = Debug|Any CPU
		Release|Any CPU = Release|Any CPU
	EndGlobalSection
	GlobalSection(ProjectConfigurationPlatforms) = postSolution
		{C36CB2AD-100D-4359-ACE7-2BB561701F17}.Debug|Any CPU.ActiveCfg = Debug|Any CPU
		{C36CB2AD-100D-4359-ACE7-2BB561701F17}.Debug|Any CPU.Build.0 = Debug|Any CPU
		{C36CB2AD-100D-4359-ACE7-2BB561701F17}.Release|Any CPU.ActiveCfg = Release|Any CPU
		{C36CB2AD-100D-4359-ACE7-2BB561701F17}.Release|Any CPU.Build.0 = Release|Any CPU
		{7F65546A-5EE3-40F4-8005-D7AD89B3E5EB}.Debug|Any CPU.ActiveCfg = Debug|Any CPU
		{7F65546A-5EE3-40F4-8005-D7AD89B3E5EB}.Debug|Any CPU.Build.0 = Debug|Any CPU
		{7F65546A-5EE3-40F4-8005-D7AD89B3E5EB}.Release|Any CPU.ActiveCfg = Release|Any CPU
		{7F65546A-5EE3-40F4-8005-D7AD89B3E5EB}.Release|Any CPU.Build.0 = Release|Any CPU
		{815911D7-FD1F-4F8D-BCB2-39E4F8D9B0B9}.Debug|Any CPU.ActiveCfg = Debug|Any CPU
		{815911D7-FD1F-4F8D-BCB2-39E4F8D9B0B9}.Debug|Any CPU.Build.0 = Debug|Any CPU
		{815911D7-FD1F-4F8D-BCB2-39E4F8D9B0B9}.Release|Any CPU.ActiveCfg = Release|Any CPU
		{815911D7-FD1F-4F8D-BCB2-39E4F8D9B0B9}.Release|Any CPU.Build.0 = Release|Any CPU
		{439CCAFD-767B-423B-A027-C20190585D6E}.Debug|Any CPU.ActiveCfg = Debug|Any CPU
		{439CCAFD-767B-423B-A027-C20190585D6E}.Debug|Any CPU.Build.0 = Debug|Any CPU
		{439CCAFD-767B-423B-A027-C20190585D6E}.Release|Any CPU.ActiveCfg = Release|Any CPU
		{439CCAFD-767B-423B-A027-C20190585D6E}.Release|Any CPU.Build.0 = Release|Any CPU
		{76D2C79E-9A72-410A-857C-71ED111D57DE}.Debug|Any CPU.ActiveCfg = Debug|Any CPU
		{76D2C79E-9A72-410A-857C-71ED111D57DE}.Debug|Any CPU.Build.0 = Debug|Any CPU
		{76D2C79E-9A72-410A-857C-71ED111D57DE}.Release|Any CPU.ActiveCfg = Release|Any CPU
		{76D2C79E-9A72-410A-857C-71ED111D57DE}.Release|Any CPU.Build.0 = Release|Any CPU
		{1077A106-7EC5-4981-B60A-2017D2F9235A}.Debug|Any CPU.ActiveCfg = Debug|Any CPU
		{1077A106-7EC5-4981-B60A-2017D2F9235A}.Debug|Any CPU.Build.0 = Debug|Any CPU
		{1077A106-7EC5-4981-B60A-2017D2F9235A}.Release|Any CPU.ActiveCfg = Release|Any CPU
		{1077A106-7EC5-4981-B60A-2017D2F9235A}.Release|Any CPU.Build.0 = Release|Any CPU
		{762F646B-A564-484C-87B3-A656744947DB}.Debug|Any CPU.ActiveCfg = Debug|Any CPU
		{762F646B-A564-484C-87B3-A656744947DB}.Debug|Any CPU.Build.0 = Debug|Any CPU
		{762F646B-A564-484C-87B3-A656744947DB}.Release|Any CPU.ActiveCfg = Release|Any CPU
		{762F646B-A564-484C-87B3-A656744947DB}.Release|Any CPU.Build.0 = Release|Any CPU
		{6C0EC022-DFA3-4029-B5E7-3673FDD72943}.Debug|Any CPU.ActiveCfg = Debug|Any CPU
		{6C0EC022-DFA3-4029-B5E7-3673FDD72943}.Debug|Any CPU.Build.0 = Debug|Any CPU
		{6C0EC022-DFA3-4029-B5E7-3673FDD72943}.Release|Any CPU.ActiveCfg = Release|Any CPU
		{6C0EC022-DFA3-4029-B5E7-3673FDD72943}.Release|Any CPU.Build.0 = Release|Any CPU
		{CDD4898B-4797-41C7-B2C7-9F37D99D07B9}.Debug|Any CPU.ActiveCfg = Debug|Any CPU
		{CDD4898B-4797-41C7-B2C7-9F37D99D07B9}.Debug|Any CPU.Build.0 = Debug|Any CPU
		{CDD4898B-4797-41C7-B2C7-9F37D99D07B9}.Release|Any CPU.ActiveCfg = Release|Any CPU
		{CDD4898B-4797-41C7-B2C7-9F37D99D07B9}.Release|Any CPU.Build.0 = Release|Any CPU
		{0C1BCFD4-2BC4-4041-A62B-DF84B4F81277}.Debug|Any CPU.ActiveCfg = Debug|Any CPU
		{0C1BCFD4-2BC4-4041-A62B-DF84B4F81277}.Debug|Any CPU.Build.0 = Debug|Any CPU
		{0C1BCFD4-2BC4-4041-A62B-DF84B4F81277}.Release|Any CPU.ActiveCfg = Release|Any CPU
		{0C1BCFD4-2BC4-4041-A62B-DF84B4F81277}.Release|Any CPU.Build.0 = Release|Any CPU
		{4228121C-8673-4EA2-872D-BD90F8E3A70A}.Debug|Any CPU.ActiveCfg = Debug|Any CPU
		{4228121C-8673-4EA2-872D-BD90F8E3A70A}.Debug|Any CPU.Build.0 = Debug|Any CPU
		{4228121C-8673-4EA2-872D-BD90F8E3A70A}.Release|Any CPU.ActiveCfg = Release|Any CPU
		{4228121C-8673-4EA2-872D-BD90F8E3A70A}.Release|Any CPU.Build.0 = Release|Any CPU
		{EC222CB4-EE6D-4E84-AF7E-92390DFF86FE}.Debug|Any CPU.ActiveCfg = Debug|Any CPU
		{EC222CB4-EE6D-4E84-AF7E-92390DFF86FE}.Debug|Any CPU.Build.0 = Debug|Any CPU
		{EC222CB4-EE6D-4E84-AF7E-92390DFF86FE}.Release|Any CPU.ActiveCfg = Release|Any CPU
		{EC222CB4-EE6D-4E84-AF7E-92390DFF86FE}.Release|Any CPU.Build.0 = Release|Any CPU
		{059B6D26-5062-4D07-801B-E476F23F72C0}.Debug|Any CPU.ActiveCfg = Debug|Any CPU
		{059B6D26-5062-4D07-801B-E476F23F72C0}.Debug|Any CPU.Build.0 = Debug|Any CPU
		{059B6D26-5062-4D07-801B-E476F23F72C0}.Release|Any CPU.ActiveCfg = Release|Any CPU
		{059B6D26-5062-4D07-801B-E476F23F72C0}.Release|Any CPU.Build.0 = Release|Any CPU
		{32315867-AA95-4532-A40D-A1F75EDF5C15}.Debug|Any CPU.ActiveCfg = Debug|Any CPU
		{32315867-AA95-4532-A40D-A1F75EDF5C15}.Debug|Any CPU.Build.0 = Debug|Any CPU
		{32315867-AA95-4532-A40D-A1F75EDF5C15}.Release|Any CPU.ActiveCfg = Release|Any CPU
		{32315867-AA95-4532-A40D-A1F75EDF5C15}.Release|Any CPU.Build.0 = Release|Any CPU
		{C99EB8B1-5A02-4BA0-929C-62B2AB07AFCB}.Debug|Any CPU.ActiveCfg = Debug|Any CPU
		{C99EB8B1-5A02-4BA0-929C-62B2AB07AFCB}.Debug|Any CPU.Build.0 = Debug|Any CPU
		{C99EB8B1-5A02-4BA0-929C-62B2AB07AFCB}.Release|Any CPU.ActiveCfg = Release|Any CPU
		{C99EB8B1-5A02-4BA0-929C-62B2AB07AFCB}.Release|Any CPU.Build.0 = Release|Any CPU
		{5A11384E-4F20-4162-B60C-55EA61D0927E}.Debug|Any CPU.ActiveCfg = Debug|Any CPU
		{5A11384E-4F20-4162-B60C-55EA61D0927E}.Debug|Any CPU.Build.0 = Debug|Any CPU
		{5A11384E-4F20-4162-B60C-55EA61D0927E}.Release|Any CPU.ActiveCfg = Release|Any CPU
		{5A11384E-4F20-4162-B60C-55EA61D0927E}.Release|Any CPU.Build.0 = Release|Any CPU
		{96130B3A-603B-42B4-B6F4-54D964769874}.Debug|Any CPU.ActiveCfg = Debug|Any CPU
		{96130B3A-603B-42B4-B6F4-54D964769874}.Debug|Any CPU.Build.0 = Debug|Any CPU
		{96130B3A-603B-42B4-B6F4-54D964769874}.Release|Any CPU.ActiveCfg = Release|Any CPU
		{96130B3A-603B-42B4-B6F4-54D964769874}.Release|Any CPU.Build.0 = Release|Any CPU
		{C87BD34C-5302-419A-BBD9-A92E989E933E}.Debug|Any CPU.ActiveCfg = Debug|Any CPU
		{C87BD34C-5302-419A-BBD9-A92E989E933E}.Debug|Any CPU.Build.0 = Debug|Any CPU
		{C87BD34C-5302-419A-BBD9-A92E989E933E}.Release|Any CPU.ActiveCfg = Release|Any CPU
		{C87BD34C-5302-419A-BBD9-A92E989E933E}.Release|Any CPU.Build.0 = Release|Any CPU
		{A8990BA4-A993-4F10-9E53-D71D5E517476}.Debug|Any CPU.ActiveCfg = Debug|Any CPU
		{A8990BA4-A993-4F10-9E53-D71D5E517476}.Debug|Any CPU.Build.0 = Debug|Any CPU
		{A8990BA4-A993-4F10-9E53-D71D5E517476}.Release|Any CPU.ActiveCfg = Release|Any CPU
		{A8990BA4-A993-4F10-9E53-D71D5E517476}.Release|Any CPU.Build.0 = Release|Any CPU
		{79E04A19-D69C-470C-B6C3-70CFE417487C}.Debug|Any CPU.ActiveCfg = Debug|Any CPU
		{79E04A19-D69C-470C-B6C3-70CFE417487C}.Debug|Any CPU.Build.0 = Debug|Any CPU
		{79E04A19-D69C-470C-B6C3-70CFE417487C}.Release|Any CPU.ActiveCfg = Release|Any CPU
		{79E04A19-D69C-470C-B6C3-70CFE417487C}.Release|Any CPU.Build.0 = Release|Any CPU
		{B54EC4E0-3851-4A77-91AD-146BEE9CDDB4}.Debug|Any CPU.ActiveCfg = Debug|Any CPU
		{B54EC4E0-3851-4A77-91AD-146BEE9CDDB4}.Debug|Any CPU.Build.0 = Debug|Any CPU
		{B54EC4E0-3851-4A77-91AD-146BEE9CDDB4}.Release|Any CPU.ActiveCfg = Release|Any CPU
		{B54EC4E0-3851-4A77-91AD-146BEE9CDDB4}.Release|Any CPU.Build.0 = Release|Any CPU
		{ACECE686-7684-42C8-8468-6C49E7F9AE3F}.Debug|Any CPU.ActiveCfg = Debug|Any CPU
		{ACECE686-7684-42C8-8468-6C49E7F9AE3F}.Debug|Any CPU.Build.0 = Debug|Any CPU
		{ACECE686-7684-42C8-8468-6C49E7F9AE3F}.Release|Any CPU.ActiveCfg = Release|Any CPU
		{ACECE686-7684-42C8-8468-6C49E7F9AE3F}.Release|Any CPU.Build.0 = Release|Any CPU
		{F2250EF6-D047-4706-A2C7-A8D98F70D6F0}.Debug|Any CPU.ActiveCfg = Debug|Any CPU
		{F2250EF6-D047-4706-A2C7-A8D98F70D6F0}.Debug|Any CPU.Build.0 = Debug|Any CPU
		{F2250EF6-D047-4706-A2C7-A8D98F70D6F0}.Release|Any CPU.ActiveCfg = Release|Any CPU
		{F2250EF6-D047-4706-A2C7-A8D98F70D6F0}.Release|Any CPU.Build.0 = Release|Any CPU
		{78C34C22-AEA2-43DF-BBFC-6C23511F7E95}.Debug|Any CPU.ActiveCfg = Debug|Any CPU
		{78C34C22-AEA2-43DF-BBFC-6C23511F7E95}.Debug|Any CPU.Build.0 = Debug|Any CPU
		{78C34C22-AEA2-43DF-BBFC-6C23511F7E95}.Release|Any CPU.ActiveCfg = Release|Any CPU
		{78C34C22-AEA2-43DF-BBFC-6C23511F7E95}.Release|Any CPU.Build.0 = Release|Any CPU
		{40EB8DB3-E8D7-4420-8D61-69097ACE9954}.Debug|Any CPU.ActiveCfg = Debug|Any CPU
		{40EB8DB3-E8D7-4420-8D61-69097ACE9954}.Debug|Any CPU.Build.0 = Debug|Any CPU
		{40EB8DB3-E8D7-4420-8D61-69097ACE9954}.Release|Any CPU.ActiveCfg = Release|Any CPU
		{40EB8DB3-E8D7-4420-8D61-69097ACE9954}.Release|Any CPU.Build.0 = Release|Any CPU
		{348F232C-905F-44C7-B723-0DAA566B2048}.Debug|Any CPU.ActiveCfg = Debug|Any CPU
		{348F232C-905F-44C7-B723-0DAA566B2048}.Debug|Any CPU.Build.0 = Debug|Any CPU
		{348F232C-905F-44C7-B723-0DAA566B2048}.Release|Any CPU.ActiveCfg = Release|Any CPU
		{348F232C-905F-44C7-B723-0DAA566B2048}.Release|Any CPU.Build.0 = Release|Any CPU
	EndGlobalSection
	GlobalSection(SolutionProperties) = preSolution
		HideSolutionNode = FALSE
	EndGlobalSection
	GlobalSection(ExtensibilityGlobals) = postSolution
		SolutionGuid = {24D8B000-9318-4D3C-9807-68A050E10286}
	EndGlobalSection
EndGlobal
